# This file is automatically @generated by Cargo.
# It is not intended for manual editing.
version = 4

[[package]]
name = "pua-core"
version = "0.0.0"

[[package]]
name = "pua-explain"
version = "0.0.0"

[[package]]
name = "pua-graph"
version = "0.0.0"

[[package]]
name = "pua-hdc"
version = "0.0.0"

[[package]]
name = "pua-jev"
version = "0.0.0"

[[package]]
name = "pua-lexicon"
version = "0.0.0"

[[package]]
name = "pua-pack-autosteer"
version = "0.0.0"

[[package]]
name = "pua-pack-bir-fields"
version = "0.0.0"

[[package]]
name = "pua-pack-gateway-shape"
version = "0.0.0"

[[package]]
name = "pua-pack-ocr-labels"
version = "0.0.0"

[[package]]
name = "pua-pack-tool-selection"
version = "0.0.0"

[[package]]
name = "pua-rules"
version = "0.0.0"

[[package]]
name = "pua-text"
version = "0.0.0"
